
Microsoft Visual Studio Solution File, Format Version 12.00
# Visual Studio Version 16
VisualStudioVersion = 16.0.29920.165
MinimumVisualStudioVersion = 10.0.40219.1
Project("{FAE04EC0-301F-11D3-BF4B-00C04F79EFBC}") = "Ez-PPT", "Ez-PPT\Ez-PPT.csproj", "{FB7373BA-5AA6-4EE9-B14B-094D251644FE}"
EndProject
Global
	GlobalSection(SolutionConfigurationPlatforms) = preSolution
		Debug|Any CPU = Debug|Any CPU
		Release|Any CPU = Release|Any CPU
	EndGlobalSection
	GlobalSection(ProjectConfigurationPlatforms) = postSolution
		{FB7373BA-5AA6-4EE9-B14B-094D251644FE}.Debug|Any CPU.ActiveCfg = Debug|Any CPU
		{FB7373BA-5AA6-4EE9-B14B-094D251644FE}.Debug|Any CPU.Build.0 = Debug|Any CPU
		{FB7373BA-5AA6-4EE9-B14B-094D251644FE}.Release|Any CPU.ActiveCfg = Release|Any CPU
		{FB7373BA-5AA6-4EE9-B14B-094D251644FE}.Release|Any CPU.Build.0 = Release|Any CPU
	EndGlobalSection
	GlobalSection(SolutionProperties) = preSolution
		HideSolutionNode = FALSE
	EndGlobalSection
	GlobalSection(ExtensibilityGlobals) = postSolution
		SolutionGuid = {5F096B46-7362-47C6-B7B1-90CCF6DEB2B7}
	EndGlobalSection
EndGlobal
